
Microsoft Visual Studio Solution File, Format Version 12.00
# Visual Studio Version 17
VisualStudioVersion = 17.0.31903.59
MinimumVisualStudioVersion = 10.0.40219.1
Project("{FAE04EC0-301F-11D3-BF4B-00C04F79EFBC}") = "Pythagoras", "Pythagoras\Pythagoras.csproj", "{F858E2B5-1EC9-49AD-AFC6-729B118CCC4E}"
EndProject
Global
	GlobalSection(SolutionConfigurationPlatforms) = preSolution
		Debug|Any CPU = Debug|Any CPU
		Release|Any CPU = Release|Any CPU
	EndGlobalSection
	GlobalSection(ProjectConfigurationPlatforms) = postSolution
		{F858E2B5-1EC9-49AD-AFC6-729B118CCC4E}.Debug|Any CPU.ActiveCfg = Debug|Any CPU
		{F858E2B5-1EC9-49AD-AFC6-729B118CCC4E}.Debug|Any CPU.Build.0 = Debug|Any CPU
		{F858E2B5-1EC9-49AD-AFC6-729B118CCC4E}.Release|Any CPU.ActiveCfg = Release|Any CPU
		{F858E2B5-1EC9-49AD-AFC6-729B118CCC4E}.Release|Any CPU.Build.0 = Release|Any CPU
	EndGlobalSection
	GlobalSection(SolutionProperties) = preSolution
		HideSolutionNode = FALSE
	EndGlobalSection
	GlobalSection(ExtensibilityGlobals) = postSolution
		SolutionGuid = {10034B26-CA5B-4C40-A4C0-7FEB67E43BCE}
	EndGlobalSection
EndGlobal
